
Microsoft Visual Studio Solution File, Format Version 12.00
# Visual Studio 15
Project("{FAE04EC0-301F-11D3-BF4B-00C04F79EFBC}") = "Assembly-CSharp", "Assembly-CSharp.csproj", "{A226B9BD-4EAB-604E-AA62-15957A277C34}"
EndProject
Project("{FAE04EC0-301F-11D3-BF4B-00C04F79EFBC}") = "Assembly-CSharp-firstpass", "Assembly-CSharp-firstpass.csproj", "{383E17C6-8D49-4B53-EFCF-8C6199579F6B}"
EndProject
Project("{FAE04EC0-301F-11D3-BF4B-00C04F79EFBC}") = "Assembly-CSharp-Editor", "Assembly-CSharp-Editor.csproj", "{59D180BF-FDE7-F2A5-3DCC-B67FE136F102}"
EndProject
Global
	GlobalSection(SolutionConfigurationPlatforms) = preSolution
		Debug|Any CPU = Debug|Any CPU
		Release|Any CPU = Release|Any CPU
	EndGlobalSection
	GlobalSection(ProjectConfigurationPlatforms) = postSolution
		{A226B9BD-4EAB-604E-AA62-15957A277C34}.Debug|Any CPU.ActiveCfg = Debug|Any CPU
		{A226B9BD-4EAB-604E-AA62-15957A277C34}.Debug|Any CPU.Build.0 = Debug|Any CPU
		{A226B9BD-4EAB-604E-AA62-15957A277C34}.Release|Any CPU.ActiveCfg = Release|Any CPU
		{A226B9BD-4EAB-604E-AA62-15957A277C34}.Release|Any CPU.Build.0 = Release|Any CPU
		{383E17C6-8D49-4B53-EFCF-8C6199579F6B}.Debug|Any CPU.ActiveCfg = Debug|Any CPU
		{383E17C6-8D49-4B53-EFCF-8C6199579F6B}.Debug|Any CPU.Build.0 = Debug|Any CPU
		{383E17C6-8D49-4B53-EFCF-8C6199579F6B}.Release|Any CPU.ActiveCfg = Release|Any CPU
		{383E17C6-8D49-4B53-EFCF-8C6199579F6B}.Release|Any CPU.Build.0 = Release|Any CPU
		{59D180BF-FDE7-F2A5-3DCC-B67FE136F102}.Debug|Any CPU.ActiveCfg = Debug|Any CPU
		{59D180BF-FDE7-F2A5-3DCC-B67FE136F102}.Debug|Any CPU.Build.0 = Debug|Any CPU
		{59D180BF-FDE7-F2A5-3DCC-B67FE136F102}.Release|Any CPU.ActiveCfg = Release|Any CPU
		{59D180BF-FDE7-F2A5-3DCC-B67FE136F102}.Release|Any CPU.Build.0 = Release|Any CPU
	EndGlobalSection
	GlobalSection(SolutionProperties) = preSolution
		HideSolutionNode = FALSE
	EndGlobalSection
EndGlobal
